
Microsoft Visual Studio Solution File, Format Version 12.00
# Visual Studio Version 17
VisualStudioVersion = 17.0.31903.59
MinimumVisualStudioVersion = 10.0.40219.1
Project("{FAE04EC0-301F-11D3-BF4B-00C04F79EFBC}") = "DatabaseAPI", "DatabaseAPI\DatabaseAPI.csproj", "{F9568CAC-6CBE-4DBD-B1F9-E3DB940FE853}"
EndProject
Project("{F2A71F9B-5D33-465A-A702-920D77279786}") = "MovieManagement", "MovieManagement\MovieManagement.fsproj", "{1370CEEB-D7DC-4615-8284-9EEB4C6ADD41}"
EndProject
Global
	GlobalSection(SolutionConfigurationPlatforms) = preSolution
		Debug|Any CPU = Debug|Any CPU
		Release|Any CPU = Release|Any CPU
	EndGlobalSection
	GlobalSection(SolutionProperties) = preSolution
		HideSolutionNode = FALSE
	EndGlobalSection
	GlobalSection(ProjectConfigurationPlatforms) = postSolution
		{F9568CAC-6CBE-4DBD-B1F9-E3DB940FE853}.Debug|Any CPU.ActiveCfg = Debug|Any CPU
		{F9568CAC-6CBE-4DBD-B1F9-E3DB940FE853}.Debug|Any CPU.Build.0 = Debug|Any CPU
		{F9568CAC-6CBE-4DBD-B1F9-E3DB940FE853}.Release|Any CPU.ActiveCfg = Release|Any CPU
		{F9568CAC-6CBE-4DBD-B1F9-E3DB940FE853}.Release|Any CPU.Build.0 = Release|Any CPU
		{1370CEEB-D7DC-4615-8284-9EEB4C6ADD41}.Debug|Any CPU.ActiveCfg = Debug|Any CPU
		{1370CEEB-D7DC-4615-8284-9EEB4C6ADD41}.Debug|Any CPU.Build.0 = Debug|Any CPU
		{1370CEEB-D7DC-4615-8284-9EEB4C6ADD41}.Release|Any CPU.ActiveCfg = Release|Any CPU
		{1370CEEB-D7DC-4615-8284-9EEB4C6ADD41}.Release|Any CPU.Build.0 = Release|Any CPU
	EndGlobalSection
EndGlobal
